
Microsoft Visual Studio Solution File, Format Version 12.00
Project("{FAE04EC0-301F-11D3-BF4B-00C04F79EFBC}") = "WeatherData", "WeatherData\WeatherData.csproj", "{04BD4035-1DC4-428B-B3D9-935F82C7D836}"
EndProject
Project("{FAE04EC0-301F-11D3-BF4B-00C04F79EFBC}") = "SoccerLeagueTable", "SoccerLeagueTable\SoccerLeagueTable.csproj", "{43D36AD2-51D2-4983-A6FA-5665078FDE05}"
EndProject
Project("{FAE04EC0-301F-11D3-BF4B-00C04F79EFBC}") = "DryFusion", "DryFusion\DryFusion.csproj", "{5D1EF21B-87CD-4539-82DC-A7E2BF7B9102}"
EndProject
Global
	GlobalSection(SolutionConfigurationPlatforms) = preSolution
		Debug|Any CPU = Debug|Any CPU
		Release|Any CPU = Release|Any CPU
	EndGlobalSection
	GlobalSection(ProjectConfigurationPlatforms) = postSolution
		{04BD4035-1DC4-428B-B3D9-935F82C7D836}.Debug|Any CPU.ActiveCfg = Debug|Any CPU
		{04BD4035-1DC4-428B-B3D9-935F82C7D836}.Debug|Any CPU.Build.0 = Debug|Any CPU
		{04BD4035-1DC4-428B-B3D9-935F82C7D836}.Release|Any CPU.ActiveCfg = Release|Any CPU
		{04BD4035-1DC4-428B-B3D9-935F82C7D836}.Release|Any CPU.Build.0 = Release|Any CPU
		{43D36AD2-51D2-4983-A6FA-5665078FDE05}.Debug|Any CPU.ActiveCfg = Debug|Any CPU
		{43D36AD2-51D2-4983-A6FA-5665078FDE05}.Debug|Any CPU.Build.0 = Debug|Any CPU
		{43D36AD2-51D2-4983-A6FA-5665078FDE05}.Release|Any CPU.ActiveCfg = Release|Any CPU
		{43D36AD2-51D2-4983-A6FA-5665078FDE05}.Release|Any CPU.Build.0 = Release|Any CPU
		{5D1EF21B-87CD-4539-82DC-A7E2BF7B9102}.Debug|Any CPU.ActiveCfg = Debug|Any CPU
		{5D1EF21B-87CD-4539-82DC-A7E2BF7B9102}.Debug|Any CPU.Build.0 = Debug|Any CPU
		{5D1EF21B-87CD-4539-82DC-A7E2BF7B9102}.Release|Any CPU.ActiveCfg = Release|Any CPU
		{5D1EF21B-87CD-4539-82DC-A7E2BF7B9102}.Release|Any CPU.Build.0 = Release|Any CPU
	EndGlobalSection
EndGlobal
